
Microsoft Visual Studio Solution File, Format Version 12.00
# Visual Studio Version 16
VisualStudioVersion = 16.0.29609.76
MinimumVisualStudioVersion = 10.0.40219.1
Project("{FAE04EC0-301F-11D3-BF4B-00C04F79EFBC}") = "Lab_2", "Lab_2.csproj", "{75DB8221-6DFB-450B-B0CE-111A98E7605C}"
EndProject
Global
	GlobalSection(SolutionConfigurationPlatforms) = preSolution
		Debug|Any CPU = Debug|Any CPU
		Release|Any CPU = Release|Any CPU
	EndGlobalSection
	GlobalSection(ProjectConfigurationPlatforms) = postSolution
		{75DB8221-6DFB-450B-B0CE-111A98E7605C}.Debug|Any CPU.ActiveCfg = Debug|Any CPU
		{75DB8221-6DFB-450B-B0CE-111A98E7605C}.Debug|Any CPU.Build.0 = Debug|Any CPU
		{75DB8221-6DFB-450B-B0CE-111A98E7605C}.Release|Any CPU.ActiveCfg = Release|Any CPU
		{75DB8221-6DFB-450B-B0CE-111A98E7605C}.Release|Any CPU.Build.0 = Release|Any CPU
	EndGlobalSection
	GlobalSection(SolutionProperties) = preSolution
		HideSolutionNode = FALSE
	EndGlobalSection
	GlobalSection(ExtensibilityGlobals) = postSolution
		SolutionGuid = {937FCBA4-1494-4A5E-AF3A-0DBA1DAB6D46}
	EndGlobalSection
EndGlobal
